
Microsoft Visual Studio Solution File, Format Version 12.00
Project("{FAE04EC0-301F-11D3-BF4B-00C04F79EFBC}") = "Orders", "Orders\Orders.csproj", "{42C411ED-75EF-4A77-99B5-7388F221D787}"
EndProject
Global
	GlobalSection(SolutionConfigurationPlatforms) = preSolution
		Debug|Any CPU = Debug|Any CPU
		Release|Any CPU = Release|Any CPU
	EndGlobalSection
	GlobalSection(ProjectConfigurationPlatforms) = postSolution
		{42C411ED-75EF-4A77-99B5-7388F221D787}.Debug|Any CPU.ActiveCfg = Debug|Any CPU
		{42C411ED-75EF-4A77-99B5-7388F221D787}.Debug|Any CPU.Build.0 = Debug|Any CPU
		{42C411ED-75EF-4A77-99B5-7388F221D787}.Release|Any CPU.ActiveCfg = Release|Any CPU
		{42C411ED-75EF-4A77-99B5-7388F221D787}.Release|Any CPU.Build.0 = Release|Any CPU
	EndGlobalSection
EndGlobal
